
Microsoft Visual Studio Solution File, Format Version 12.00
# Visual Studio Version 17
VisualStudioVersion = 17.6.33801.468
MinimumVisualStudioVersion = 10.0.40219.1
Project("{8BC9CEB8-8B4A-11D0-8D11-00A0C91BC942}") = "RandomBallCollisionDetectorTimeEstimation3D", "RandomBallCollisionDetectorTimeEstimation3D\RandomBallCollisionDetectorTimeEstimation3D.vcxproj", "{0275873F-18AF-48A2-ABF4-790C6AD2A89B}"
EndProject
Global
	GlobalSection(SolutionConfigurationPlatforms) = preSolution
		Debug|x64 = Debug|x64
		Debug|x86 = Debug|x86
		Release|x64 = Release|x64
		Release|x86 = Release|x86
	EndGlobalSection
	GlobalSection(ProjectConfigurationPlatforms) = postSolution
		{0275873F-18AF-48A2-ABF4-790C6AD2A89B}.Debug|x64.ActiveCfg = Debug|x64
		{0275873F-18AF-48A2-ABF4-790C6AD2A89B}.Debug|x64.Build.0 = Debug|x64
		{0275873F-18AF-48A2-ABF4-790C6AD2A89B}.Debug|x86.ActiveCfg = Debug|Win32
		{0275873F-18AF-48A2-ABF4-790C6AD2A89B}.Debug|x86.Build.0 = Debug|Win32
		{0275873F-18AF-48A2-ABF4-790C6AD2A89B}.Release|x64.ActiveCfg = Release|x64
		{0275873F-18AF-48A2-ABF4-790C6AD2A89B}.Release|x64.Build.0 = Release|x64
		{0275873F-18AF-48A2-ABF4-790C6AD2A89B}.Release|x86.ActiveCfg = Release|Win32
		{0275873F-18AF-48A2-ABF4-790C6AD2A89B}.Release|x86.Build.0 = Release|Win32
	EndGlobalSection
	GlobalSection(SolutionProperties) = preSolution
		HideSolutionNode = FALSE
	EndGlobalSection
	GlobalSection(ExtensibilityGlobals) = postSolution
		SolutionGuid = {77764AAF-07D4-402D-8899-9D4BA42EFF43}
	EndGlobalSection
EndGlobal
